
Microsoft Visual Studio Solution File, Format Version 12.00
# Visual Studio Version 16
VisualStudioVersion = 16.0.31205.134
MinimumVisualStudioVersion = 10.0.40219.1
Project("{9A19103F-16F7-4668-BE54-9A1E7A4F7556}") = "Desktop", "Desktop\Desktop.csproj", "{97689A03-A632-453D-B7F6-1F61287CED76}"
EndProject
Global
	GlobalSection(SolutionConfigurationPlatforms) = preSolution
		Debug|Any CPU = Debug|Any CPU
		Debug|x86 = Debug|x86
		Release|Any CPU = Release|Any CPU
		Release|x86 = Release|x86
	EndGlobalSection
	GlobalSection(ProjectConfigurationPlatforms) = postSolution
		{97689A03-A632-453D-B7F6-1F61287CED76}.Debug|Any CPU.ActiveCfg = Debug|Any CPU
		{97689A03-A632-453D-B7F6-1F61287CED76}.Debug|Any CPU.Build.0 = Debug|Any CPU
		{97689A03-A632-453D-B7F6-1F61287CED76}.Debug|x86.ActiveCfg = Debug|x86
		{97689A03-A632-453D-B7F6-1F61287CED76}.Debug|x86.Build.0 = Debug|x86
		{97689A03-A632-453D-B7F6-1F61287CED76}.Release|Any CPU.ActiveCfg = Release|Any CPU
		{97689A03-A632-453D-B7F6-1F61287CED76}.Release|Any CPU.Build.0 = Release|Any CPU
		{97689A03-A632-453D-B7F6-1F61287CED76}.Release|x86.ActiveCfg = Release|x86
		{97689A03-A632-453D-B7F6-1F61287CED76}.Release|x86.Build.0 = Release|x86
	EndGlobalSection
	GlobalSection(SolutionProperties) = preSolution
		HideSolutionNode = FALSE
	EndGlobalSection
	GlobalSection(ExtensibilityGlobals) = postSolution
		SolutionGuid = {005B3C02-9B34-41D3-9A92-0059E50C0191}
	EndGlobalSection
EndGlobal
